// !$*UTF8*$!
{
	archiveVersion = 1;
	classes = {
	};
	objectVersion = 46;
	objects = {

/* Begin PBXBuildFile section */
		03D57D6E159A8F8C00005749 /* UIKit.framework in Frameworks */ = {isa = PBXBuildFile; fileRef = 03D57D6D159A8F8C00005749 /* UIKit.framework */; };
		03D57D70159A8F8C00005749 /* Foundation.framework in Frameworks */ = {isa = PBXBuildFile; fileRef = 03D57D6F159A8F8C00005749 /* Foundation.framework */; };
		03D57D72159A8F8C00005749 /* CoreGraphics.framework in Frameworks */ = {isa = PBXBuildFile; fileRef = 03D57D71159A8F8C00005749 /* CoreGraphics.framework */; };
		03D57D78159A8F8C00005749 /* InfoPlist.strings in Resources */ = {isa = PBXBuildFile; fileRef = 03D57D76159A8F8C00005749 /* InfoPlist.strings */; };
		03D57D7A159A8F8C00005749 /* main.m in Sources */ = {isa = PBXBuildFile; fileRef = 03D57D79159A8F8C00005749 /* main.m */; };
		03D57D7E159A8F8C00005749 /* AppDelegate.m in Sources */ = {isa = PBXBuildFile; fileRef = 03D57D7D159A8F8C00005749 /* AppDelegate.m */; };
		03D57D8A159A92B300005749 /* View.m in Sources */ = {isa = PBXBuildFile; fileRef = 03D57D89159A92B300005749 /* View.m */; };
		03D57D90159A9F1200005749 /* Anita2.png in Resources */ = {isa = PBXBuildFile; fileRef = 03D57D8F159A9F1200005749 /* Anita2.png */; };
		03D57D93159AA28B00005749 /* ImageView.m in Sources */ = {isa = PBXBuildFile; fileRef = 03D57D92159AA28A00005749 /* ImageView.m */; };
/* End PBXBuildFile section */

/* Begin PBXFileReference section */
		03D57D69159A8F8C00005749 /* Jun28.app */ = {isa = PBXFileReference; explicitFileType = wrapper.application; includeInIndex = 0; path = Jun28.app; sourceTree = BUILT_PRODUCTS_DIR; };
		03D57D6D159A8F8C00005749 /* UIKit.framework */ = {isa = PBXFileReference; lastKnownFileType = wrapper.framework; name = UIKit.framework; path = System/Library/Frameworks/UIKit.framework; sourceTree = SDKROOT; };
		03D57D6F159A8F8C00005749 /* Foundation.framework */ = {isa = PBXFileReference; lastKnownFileType = wrapper.framework; name = Foundation.framework; path = System/Library/Frameworks/Foundation.framework; sourceTree = SDKROOT; };
		03D57D71159A8F8C00005749 /* CoreGraphics.framework */ = {isa = PBXFileReference; lastKnownFileType = wrapper.framework; name = CoreGraphics.framework; path = System/Library/Frameworks/CoreGraphics.framework; sourceTree = SDKROOT; };
		03D57D75159A8F8C00005749 /* Jun28-Info.plist */ = {isa = PBXFileReference; lastKnownFileType = text.plist.xml; path = "Jun28-Info.plist"; sourceTree = "<group>"; };
		03D57D77159A8F8C00005749 /* en */ = {isa = PBXFileReference; lastKnownFileType = text.plist.strings; name = en; path = en.lproj/InfoPlist.strings; sourceTree = "<group>"; };
		03D57D79159A8F8C00005749 /* main.m */ = {isa = PBXFileReference; lastKnownFileType = sourcecode.c.objc; path = main.m; sourceTree = "<group>"; };
		03D57D7B159A8F8C00005749 /* Jun28-Prefix.pch */ = {isa = PBXFileReference; lastKnownFileType = sourcecode.c.h; path = "Jun28-Prefix.pch"; sourceTree = "<group>"; };
		03D57D7C159A8F8C00005749 /* AppDelegate.h */ = {isa = PBXFileReference; lastKnownFileType = sourcecode.c.h; path = AppDelegate.h; sourceTree = "<group>"; };
		03D57D7D159A8F8C00005749 /* AppDelegate.m */ = {isa = PBXFileReference; lastKnownFileType = sourcecode.c.objc; path = AppDelegate.m; sourceTree = "<group>"; };
		03D57D88159A92B300005749 /* View.h */ = {isa = PBXFileReference; fileEncoding = 4; lastKnownFileType = sourcecode.c.h; path = View.h; sourceTree = "<group>"; };
		03D57D89159A92B300005749 /* View.m */ = {isa = PBXFileReference; fileEncoding = 4; lastKnownFileType = sourcecode.c.objc; path = View.m; sourceTree = "<group>"; };
		03D57D8F159A9F1200005749 /* Anita2.png */ = {isa = PBXFileReference; lastKnownFileType = image.png; path = Anita2.png; sourceTree = "<group>"; };
		03D57D91159AA28A00005749 /* ImageView.h */ = {isa = PBXFileReference; fileEncoding = 4; lastKnownFileType = sourcecode.c.h; path = ImageView.h; sourceTree = "<group>"; };
		03D57D92159AA28A00005749 /* ImageView.m */ = {isa = PBXFileReference; fileEncoding = 4; lastKnownFileType = sourcecode.c.objc; path = ImageView.m; sourceTree = "<group>"; };
/* End PBXFileReference section */

/* Begin PBXFrameworksBuildPhase section */
		03D57D66159A8F8C00005749 /* Frameworks */ = {
			isa = PBXFrameworksBuildPhase;
			buildActionMask = 2147483647;
			files = (
				03D57D6E159A8F8C00005749 /* UIKit.framework in Frameworks */,
				03D57D70159A8F8C00005749 /* Foundation.framework in Frameworks */,
				03D57D72159A8F8C00005749 /* CoreGraphics.framework in Frameworks */,
			);
			runOnlyForDeploymentPostprocessing = 0;
		};
/* End PBXFrameworksBuildPhase section */

/* Begin PBXGroup section */
		03D57D5E159A8F8B00005749 = {
			isa = PBXGroup;
			children = (
				03D57D73159A8F8C00005749 /* Jun28 */,
				03D57D6C159A8F8C00005749 /* Frameworks */,
				03D57D6A159A8F8C00005749 /* Products */,
			);
			sourceTree = "<group>";
		};
		03D57D6A159A8F8C00005749 /* Products */ = {
			isa = PBXGroup;
			children = (
				03D57D69159A8F8C00005749 /* Jun28.app */,
			);
			name = Products;
			sourceTree = "<group>";
		};
		03D57D6C159A8F8C00005749 /* Frameworks */ = {
			isa = PBXGroup;
			children = (
				03D57D6D159A8F8C00005749 /* UIKit.framework */,
				03D57D6F159A8F8C00005749 /* Foundation.framework */,
				03D57D71159A8F8C00005749 /* CoreGraphics.framework */,
			);
			name = Frameworks;
			sourceTree = "<group>";
		};
		03D57D73159A8F8C00005749 /* Jun28 */ = {
			isa = PBXGroup;
			children = (
				03D57D8F159A9F1200005749 /* Anita2.png */,
				03D57D7C159A8F8C00005749 /* AppDelegate.h */,
				03D57D7D159A8F8C00005749 /* AppDelegate.m */,
				03D57D74159A8F8C00005749 /* Supporting Files */,
				03D57D88159A92B300005749 /* View.h */,
				03D57D89159A92B300005749 /* View.m */,
				03D57D91159AA28A00005749 /* ImageView.h */,
				03D57D92159AA28A00005749 /* ImageView.m */,
			);
			path = Jun28;
			sourceTree = "<group>";
		};
		03D57D74159A8F8C00005749 /* Supporting Files */ = {
			isa = PBXGroup;
			children = (
				03D57D75159A8F8C00005749 /* Jun28-Info.plist */,
				03D57D76159A8F8C00005749 /* InfoPlist.strings */,
				03D57D79159A8F8C00005749 /* main.m */,
				03D57D7B159A8F8C00005749 /* Jun28-Prefix.pch */,
			);
			name = "Supporting Files";
			sourceTree = "<group>";
		};
/* End PBXGroup section */

/* Begin PBXNativeTarget section */
		03D57D68159A8F8C00005749 /* Jun28 */ = {
			isa = PBXNativeTarget;
			buildConfigurationList = 03D57D81159A8F8C00005749 /* Build configuration list for PBXNativeTarget "Jun28" */;
			buildPhases = (
				03D57D65159A8F8C00005749 /* Sources */,
				03D57D66159A8F8C00005749 /* Frameworks */,
				03D57D67159A8F8C00005749 /* Resources */,
			);
			buildRules = (
			);
			dependencies = (
			);
			name = Jun28;
			productName = Jun28;
			productReference = 03D57D69159A8F8C00005749 /* Jun28.app */;
			productType = "com.apple.product-type.application";
		};
/* End PBXNativeTarget section */

/* Begin PBXProject section */
		03D57D60159A8F8B00005749 /* Project object */ = {
			isa = PBXProject;
			attributes = {
				LastUpgradeCheck = 0430;
			};
			buildConfigurationList = 03D57D63159A8F8B00005749 /* Build configuration list for PBXProject "Jun28" */;
			compatibilityVersion = "Xcode 3.2";
			developmentRegion = English;
			hasScannedForEncodings = 0;
			knownRegions = (
				en,
			);
			mainGroup = 03D57D5E159A8F8B00005749;
			productRefGroup = 03D57D6A159A8F8C00005749 /* Products */;
			projectDirPath = "";
			projectRoot = "";
			targets = (
				03D57D68159A8F8C00005749 /* Jun28 */,
			);
		};
/* End PBXProject section */

/* Begin PBXResourcesBuildPhase section */
		03D57D67159A8F8C00005749 /* Resources */ = {
			isa = PBXResourcesBuildPhase;
			buildActionMask = 2147483647;
			files = (
				03D57D78159A8F8C00005749 /* InfoPlist.strings in Resources */,
				03D57D90159A9F1200005749 /* Anita2.png in Resources */,
			);
			runOnlyForDeploymentPostprocessing = 0;
		};
/* End PBXResourcesBuildPhase section */

/* Begin PBXSourcesBuildPhase section */
		03D57D65159A8F8C00005749 /* Sources */ = {
			isa = PBXSourcesBuildPhase;
			buildActionMask = 2147483647;
			files = (
				03D57D7A159A8F8C00005749 /* main.m in Sources */,
				03D57D7E159A8F8C00005749 /* AppDelegate.m in Sources */,
				03D57D8A159A92B300005749 /* View.m in Sources */,
				03D57D93159AA28B00005749 /* ImageView.m in Sources */,
			);
			runOnlyForDeploymentPostprocessing = 0;
		};
/* End PBXSourcesBuildPhase section */

/* Begin PBXVariantGroup section */
		03D57D76159A8F8C00005749 /* InfoPlist.strings */ = {
			isa = PBXVariantGroup;
			children = (
				03D57D77159A8F8C00005749 /* en */,
			);
			name = InfoPlist.strings;
			sourceTree = "<group>";
		};
/* End PBXVariantGroup section */

/* Begin XCBuildConfiguration section */
		03D57D7F159A8F8C00005749 /* Debug */ = {
			isa = XCBuildConfiguration;
			buildSettings = {
				ALWAYS_SEARCH_USER_PATHS = NO;
				ARCHS = "$(ARCHS_STANDARD_32_BIT)";
				CLANG_ENABLE_OBJC_ARC = YES;
				"CODE_SIGN_IDENTITY[sdk=iphoneos*]" = "iPhone Developer";
				COPY_PHASE_STRIP = NO;
				GCC_C_LANGUAGE_STANDARD = gnu99;
				GCC_DYNAMIC_NO_PIC = NO;
				GCC_OPTIMIZATION_LEVEL = 0;
				GCC_PREPROCESSOR_DEFINITIONS = (
					"DEBUG=1",
					"$(inherited)",
				);
				GCC_SYMBOLS_PRIVATE_EXTERN = NO;
				GCC_VERSION = com.apple.compilers.llvm.clang.1_0;
				GCC_WARN_ABOUT_RETURN_TYPE = YES;
				GCC_WARN_UNINITIALIZED_AUTOS = YES;
				GCC_WARN_UNUSED_VARIABLE = YES;
				IPHONEOS_DEPLOYMENT_TARGET = 5.1;
				SDKROOT = iphoneos;
			};
			name = Debug;
		};
		03D57D80159A8F8C00005749 /* Release */ = {
			isa = XCBuildConfiguration;
			buildSettings = {
				ALWAYS_SEARCH_USER_PATHS = NO;
				ARCHS = "$(ARCHS_STANDARD_32_BIT)";
				CLANG_ENABLE_OBJC_ARC = YES;
				"CODE_SIGN_IDENTITY[sdk=iphoneos*]" = "iPhone Developer";
				COPY_PHASE_STRIP = YES;
				GCC_C_LANGUAGE_STANDARD = gnu99;
				GCC_VERSION = com.apple.compilers.llvm.clang.1_0;
				GCC_WARN_ABOUT_RETURN_TYPE = YES;
				GCC_WARN_UNINITIALIZED_AUTOS = YES;
				GCC_WARN_UNUSED_VARIABLE = YES;
				IPHONEOS_DEPLOYMENT_TARGET = 5.1;
				OTHER_CFLAGS = "-DNS_BLOCK_ASSERTIONS=1";
				SDKROOT = iphoneos;
				VALIDATE_PRODUCT = YES;
			};
			name = Release;
		};
		03D57D82159A8F8C00005749 /* Debug */ = {
			isa = XCBuildConfiguration;
			buildSettings = {
				GCC_PRECOMPILE_PREFIX_HEADER = YES;
				GCC_PREFIX_HEADER = "Jun28/Jun28-Prefix.pch";
				INFOPLIST_FILE = "Jun28/Jun28-Info.plist";
				PRODUCT_NAME = "$(TARGET_NAME)";
				WRAPPER_EXTENSION = app;
			};
			name = Debug;
		};
		03D57D83159A8F8C00005749 /* Release */ = {
			isa = XCBuildConfiguration;
			buildSettings = {
				GCC_PRECOMPILE_PREFIX_HEADER = YES;
				GCC_PREFIX_HEADER = "Jun28/Jun28-Prefix.pch";
				INFOPLIST_FILE = "Jun28/Jun28-Info.plist";
				PRODUCT_NAME = "$(TARGET_NAME)";
				WRAPPER_EXTENSION = app;
			};
			name = Release;
		};
/* End XCBuildConfiguration section */

/* Begin XCConfigurationList section */
		03D57D63159A8F8B00005749 /* Build configuration list for PBXProject "Jun28" */ = {
			isa = XCConfigurationList;
			buildConfigurations = (
				03D57D7F159A8F8C00005749 /* Debug */,
				03D57D80159A8F8C00005749 /* Release */,
			);
			defaultConfigurationIsVisible = 0;
			defaultConfigurationName = Release;
		};
		03D57D81159A8F8C00005749 /* Build configuration list for PBXNativeTarget "Jun28" */ = {
			isa = XCConfigurationList;
			buildConfigurations = (
				03D57D82159A8F8C00005749 /* Debug */,
				03D57D83159A8F8C00005749 /* Release */,
			);
			defaultConfigurationIsVisible = 0;
		};
/* End XCConfigurationList section */
	};
	rootObject = 03D57D60159A8F8B00005749 /* Project object */;
}
